
Microsoft Visual Studio Solution File, Format Version 12.00
# Visual Studio Version 17
VisualStudioVersion = 17.4.33205.214
MinimumVisualStudioVersion = 10.0.40219.1
Project("{888888A0-9F3D-457C-B088-3A5042F75D52}") = "UusTema_Mihhalenkov", "UusTema_Mihhalenkov.pyproj", "{B632F4C0-FB7A-4157-985B-BB830F4E5250}"
EndProject
Global
	GlobalSection(SolutionConfigurationPlatforms) = preSolution
		Debug|Any CPU = Debug|Any CPU
		Release|Any CPU = Release|Any CPU
	EndGlobalSection
	GlobalSection(ProjectConfigurationPlatforms) = postSolution
		{B632F4C0-FB7A-4157-985B-BB830F4E5250}.Debug|Any CPU.ActiveCfg = Debug|Any CPU
		{B632F4C0-FB7A-4157-985B-BB830F4E5250}.Release|Any CPU.ActiveCfg = Release|Any CPU
	EndGlobalSection
	GlobalSection(SolutionProperties) = preSolution
		HideSolutionNode = FALSE
	EndGlobalSection
	GlobalSection(ExtensibilityGlobals) = postSolution
		SolutionGuid = {E91E3A9E-FC96-4CB3-A6DE-FFAB699734DF}
	EndGlobalSection
EndGlobal
